// !$*UTF8*$!
{
	archiveVersion = 1;
	classes = {
	};
	objectVersion = 56;
	objects = {

/* Begin PBXBuildFile section */
		048819BB2BAC77FD00AFDA24 /* TradingDataNetworkFetcher.swift in Sources */ = {isa = PBXBuildFile; fileRef = 048819B32BAC77FD00AFDA24 /* TradingDataNetworkFetcher.swift */; };
		048819BC2BAC77FD00AFDA24 /* ChartTimePeriod.swift in Sources */ = {isa = PBXBuildFile; fileRef = 048819B42BAC77FD00AFDA24 /* ChartTimePeriod.swift */; };
		048819BE2BAC77FD00AFDA24 /* MoexCandles.swift in Sources */ = {isa = PBXBuildFile; fileRef = 048819B62BAC77FD00AFDA24 /* MoexCandles.swift */; };
		048819BF2BAC77FD00AFDA24 /* TickerMOEX.swift in Sources */ = {isa = PBXBuildFile; fileRef = 048819B72BAC77FD00AFDA24 /* TickerMOEX.swift */; };
		048819C02BAC77FD00AFDA24 /* MoexApi.swift in Sources */ = {isa = PBXBuildFile; fileRef = 048819B82BAC77FD00AFDA24 /* MoexApi.swift */; };
		048819C12BAC77FD00AFDA24 /* Money.swift in Sources */ = {isa = PBXBuildFile; fileRef = 048819B92BAC77FD00AFDA24 /* Money.swift */; };
		048819C22BAC77FD00AFDA24 /* MoexTiсkers.swift in Sources */ = {isa = PBXBuildFile; fileRef = 048819BA2BAC77FD00AFDA24 /* MoexTiсkers.swift */; };
		1C952F6268ED96F1066CFB2C /* TabBarView.swift in Sources */ = {isa = PBXBuildFile; fileRef = 879B0FC4A003425D16DE20C7 /* TabBarView.swift */; };
		22064EB78E2BDBEB2265A30C /* TuistAssets+CandleHub.swift in Sources */ = {isa = PBXBuildFile; fileRef = F55CA2C4FAE97A4B4912AF54 /* TuistAssets+CandleHub.swift */; };
		332232722BAB8DCD00D40FAD /* AboutView.swift in Sources */ = {isa = PBXBuildFile; fileRef = 332232712BAB8DCD00D40FAD /* AboutView.swift */; };
		332232762BAB95E500D40FAD /* TabItem.swift in Sources */ = {isa = PBXBuildFile; fileRef = 332232752BAB95E500D40FAD /* TabItem.swift */; };
		332232782BAB96A100D40FAD /* TabPreferenceKey.swift in Sources */ = {isa = PBXBuildFile; fileRef = 332232772BAB96A100D40FAD /* TabPreferenceKey.swift */; };
		3322327C2BAB96E900D40FAD /* OutlineModifier.swift in Sources */ = {isa = PBXBuildFile; fileRef = 3322327B2BAB96E900D40FAD /* OutlineModifier.swift */; };
		3322327E2BAB970400D40FAD /* OutlineVerticalModifier.swift in Sources */ = {isa = PBXBuildFile; fileRef = 3322327D2BAB970400D40FAD /* OutlineVerticalModifier.swift */; };
		332232822BAB974C00D40FAD /* OutlineOverlay.swift in Sources */ = {isa = PBXBuildFile; fileRef = 332232812BAB974C00D40FAD /* OutlineOverlay.swift */; };
		332232862BAB978500D40FAD /* BackgroundStyle.swift in Sources */ = {isa = PBXBuildFile; fileRef = 332232852BAB978500D40FAD /* BackgroundStyle.swift */; };
		3322328B2BAB97CF00D40FAD /* ViewExtension.swift in Sources */ = {isa = PBXBuildFile; fileRef = 3322328A2BAB97CF00D40FAD /* ViewExtension.swift */; };
		332232942BAB9A0D00D40FAD /* TickersView.swift in Sources */ = {isa = PBXBuildFile; fileRef = 332232932BAB9A0D00D40FAD /* TickersView.swift */; };
		3328CDB82BAC68A3005032AF /* PatternsView.swift in Sources */ = {isa = PBXBuildFile; fileRef = 3328CDB72BAC68A3005032AF /* PatternsView.swift */; };
		3328CDBA2BAC68BC005032AF /* PatternsViewSwitch.swift in Sources */ = {isa = PBXBuildFile; fileRef = 3328CDB92BAC68BC005032AF /* PatternsViewSwitch.swift */; };
		334D84212BAD8A8900252A7C /* SearchBar.swift in Sources */ = {isa = PBXBuildFile; fileRef = 334D84202BAD8A8900252A7C /* SearchBar.swift */; };
		336C9CAB2BADEC030093DE16 /* CandleStickChart.swift in Sources */ = {isa = PBXBuildFile; fileRef = 336C9CAA2BADEC030093DE16 /* CandleStickChart.swift */; };
		336E29822BAF058600776F5B /* CandlesViewModel.swift in Sources */ = {isa = PBXBuildFile; fileRef = 336E29812BAF058600776F5B /* CandlesViewModel.swift */; };
		33AA4BE62BAB87BC0047868E /* TabBar.swift in Sources */ = {isa = PBXBuildFile; fileRef = 33AA4BE52BAB87BC0047868E /* TabBar.swift */; };
		33AA4BE82BAB87CE0047868E /* Tab.swift in Sources */ = {isa = PBXBuildFile; fileRef = 33AA4BE72BAB87CE0047868E /* Tab.swift */; };
		33B98B742BB347B700551096 /* TickerGridItemView.swift in Sources */ = {isa = PBXBuildFile; fileRef = 33B98B732BB347B700551096 /* TickerGridItemView.swift */; };
		33B98B762BB3480200551096 /* TickersViewSwitch.swift in Sources */ = {isa = PBXBuildFile; fileRef = 33B98B752BB3480200551096 /* TickersViewSwitch.swift */; };
		33B98B792BB349D900551096 /* PatternSheetView.swift in Sources */ = {isa = PBXBuildFile; fileRef = 33B98B782BB349D900551096 /* PatternSheetView.swift */; };
		33C15C162BACE1D0000464CE /* TickersGridView.swift in Sources */ = {isa = PBXBuildFile; fileRef = 33C15C152BACE1D0000464CE /* TickersGridView.swift */; };
		33C15C182BACE20F000464CE /* PatternsGridView.swift in Sources */ = {isa = PBXBuildFile; fileRef = 33C15C172BACE20F000464CE /* PatternsGridView.swift */; };
		33D2B6C12BB45DD100978D29 /* Localizable.xcstrings in Resources */ = {isa = PBXBuildFile; fileRef = 33D2B6C02BB45DD100978D29 /* Localizable.xcstrings */; };
		33D3E4112BAB281600A56DDA /* Filters.swift in Sources */ = {isa = PBXBuildFile; fileRef = 33D3E4102BAB281600A56DDA /* Filters.swift */; };
		33D3E4202BAB479500A56DDA /* FilterButton.swift in Sources */ = {isa = PBXBuildFile; fileRef = 33D3E41F2BAB479500A56DDA /* FilterButton.swift */; };
		33DCD4B32BB0C6780071781F /* TickerSheetView.swift in Sources */ = {isa = PBXBuildFile; fileRef = 33DCD4B22BB0C6780071781F /* TickerSheetView.swift */; };
		33DCD4BA2BB0C7510071781F /* AnimationExtension.swift in Sources */ = {isa = PBXBuildFile; fileRef = 33DCD4B92BB0C7510071781F /* AnimationExtension.swift */; };
		33DCD4BC2BB0CBF20071781F /* PatternsRepository.swift in Sources */ = {isa = PBXBuildFile; fileRef = 33DCD4BB2BB0CBF20071781F /* PatternsRepository.swift */; };
		33E932F42BADC90F0080D003 /* TickersViewModel.swift in Sources */ = {isa = PBXBuildFile; fileRef = 33E932F32BADC90F0080D003 /* TickersViewModel.swift */; };
		586D143B74732600E264A203 /* Preview Assets.xcassets in Resources */ = {isa = PBXBuildFile; fileRef = F31467DA628392289E9BB9B0 /* Preview Assets.xcassets */; };
		62B144F212D385EBF52A14E4 /* CandleHubApp.swift in Sources */ = {isa = PBXBuildFile; fileRef = 70E4DBBCD941D60924F891B6 /* CandleHubApp.swift */; };
		636A4BFA2BAF0EBD00420BF5 /* Pattern.swift in Sources */ = {isa = PBXBuildFile; fileRef = 636A4BF92BAF0EBD00420BF5 /* Pattern.swift */; };
		636A4BFC2BAF1B3E00420BF5 /* PatternStickChart.swift in Sources */ = {isa = PBXBuildFile; fileRef = 636A4BFB2BAF1B3E00420BF5 /* PatternStickChart.swift */; };
		AE5038D32BB30C5800945831 /* Candle.swift in Sources */ = {isa = PBXBuildFile; fileRef = AE5038D22BB30C5800945831 /* Candle.swift */; };
		AE5038D52BB30C9400945831 /* CandleStick.swift in Sources */ = {isa = PBXBuildFile; fileRef = AE5038D42BB30C9300945831 /* CandleStick.swift */; };
		AE5038D72BB30C9C00945831 /* DetectionPatterns.swift in Sources */ = {isa = PBXBuildFile; fileRef = AE5038D62BB30C9C00945831 /* DetectionPatterns.swift */; };
		AE5038DB2BB3155A00945831 /* TickerSheetViewModel.swift in Sources */ = {isa = PBXBuildFile; fileRef = AE5038DA2BB3155A00945831 /* TickerSheetViewModel.swift */; };
		AE988FCF2BAF205F0036F225 /* OpenRegressionModel.mlmodel in Sources */ = {isa = PBXBuildFile; fileRef = AE988FCB2BAF205F0036F225 /* OpenRegressionModel.mlmodel */; };
		AE988FD02BAF205F0036F225 /* CloseRegressionModel.mlmodel in Sources */ = {isa = PBXBuildFile; fileRef = AE988FCC2BAF205F0036F225 /* CloseRegressionModel.mlmodel */; };
		AE988FD12BAF205F0036F225 /* HighRegressionModel.mlmodel in Sources */ = {isa = PBXBuildFile; fileRef = AE988FCD2BAF205F0036F225 /* HighRegressionModel.mlmodel */; };
		AE988FD22BAF205F0036F225 /* LowRegressionModel.mlmodel in Sources */ = {isa = PBXBuildFile; fileRef = AE988FCE2BAF205F0036F225 /* LowRegressionModel.mlmodel */; };
		AEE833672BAD788C00786D60 /* Predictor.swift in Sources */ = {isa = PBXBuildFile; fileRef = AEE833662BAD788C00786D60 /* Predictor.swift */; };
		AEE833A12BAF143E00786D60 /* Adapter.swift in Sources */ = {isa = PBXBuildFile; fileRef = AEE833732BADD4E300786D60 /* Adapter.swift */; };
		B5BDCD8C3452CCD3118DCDEE /* Assets.xcassets in Resources */ = {isa = PBXBuildFile; fileRef = 346BEF51999A85EE1B26A7C7 /* Assets.xcassets */; };
		F5295DB90B37882622BC0944 /* TuistBundle+CandleHub.swift in Sources */ = {isa = PBXBuildFile; fileRef = A06755176204E80DA842F124 /* TuistBundle+CandleHub.swift */; };
		FE4D8F95B8EDBA9ED4487517 /* CandleHubTests.swift in Sources */ = {isa = PBXBuildFile; fileRef = 938817186F191291621E964F /* CandleHubTests.swift */; };
/* End PBXBuildFile section */

/* Begin PBXContainerItemProxy section */
		33ACF4052BB077F1001ACA8A /* PBXContainerItemProxy */ = {
			isa = PBXContainerItemProxy;
			containerPortal = 33ACF3FF2BB077F1001ACA8A /* CandleStick.xcodeproj */;
			proxyType = 2;
			remoteGlobalIDString = AEE8337E2BAF07DE00786D60;
			remoteInfo = CandleStick;
		};
		AEE833942BAF091C00786D60 /* PBXContainerItemProxy */ = {
			isa = PBXContainerItemProxy;
			containerPortal = AEE833902BAF091C00786D60 /* CandleStick.xcodeproj */;
			proxyType = 2;
			remoteGlobalIDString = AEE8337E2BAF07DE00786D60;
			remoteInfo = CandleStick;
		};
		B016286B5D0B44696E10F105 /* PBXContainerItemProxy */ = {
			isa = PBXContainerItemProxy;
			containerPortal = 5B58470910F18865ECC6FACC /* Project object */;
			proxyType = 1;
			remoteGlobalIDString = C8EB70B46EF254346ED7710F;
			remoteInfo = CandleHub;
		};
/* End PBXContainerItemProxy section */

/* Begin PBXCopyFilesBuildPhase section */
		3B37858A14D201095A221923 /* Embed Frameworks */ = {
			isa = PBXCopyFilesBuildPhase;
			buildActionMask = 2147483647;
			dstPath = "";
			dstSubfolderSpec = 10;
			files = (
			);
			name = "Embed Frameworks";
			runOnlyForDeploymentPostprocessing = 0;
		};
		EF69C3B12F3B5F1B041D20B5 /* Embed Frameworks */ = {
			isa = PBXCopyFilesBuildPhase;
			buildActionMask = 2147483647;
			dstPath = "";
			dstSubfolderSpec = 10;
			files = (
			);
			name = "Embed Frameworks";
			runOnlyForDeploymentPostprocessing = 0;
		};
/* End PBXCopyFilesBuildPhase section */

/* Begin PBXFileReference section */
		048819B32BAC77FD00AFDA24 /* TradingDataNetworkFetcher.swift */ = {isa = PBXFileReference; fileEncoding = 4; lastKnownFileType = sourcecode.swift; path = TradingDataNetworkFetcher.swift; sourceTree = "<group>"; };
		048819B42BAC77FD00AFDA24 /* ChartTimePeriod.swift */ = {isa = PBXFileReference; fileEncoding = 4; lastKnownFileType = sourcecode.swift; path = ChartTimePeriod.swift; sourceTree = "<group>"; };
		048819B62BAC77FD00AFDA24 /* MoexCandles.swift */ = {isa = PBXFileReference; fileEncoding = 4; lastKnownFileType = sourcecode.swift; path = MoexCandles.swift; sourceTree = "<group>"; };
		048819B72BAC77FD00AFDA24 /* TickerMOEX.swift */ = {isa = PBXFileReference; fileEncoding = 4; lastKnownFileType = sourcecode.swift; path = TickerMOEX.swift; sourceTree = "<group>"; };
		048819B82BAC77FD00AFDA24 /* MoexApi.swift */ = {isa = PBXFileReference; fileEncoding = 4; lastKnownFileType = sourcecode.swift; path = MoexApi.swift; sourceTree = "<group>"; };
		048819B92BAC77FD00AFDA24 /* Money.swift */ = {isa = PBXFileReference; fileEncoding = 4; lastKnownFileType = sourcecode.swift; path = Money.swift; sourceTree = "<group>"; };
		048819BA2BAC77FD00AFDA24 /* MoexTiсkers.swift */ = {isa = PBXFileReference; fileEncoding = 4; lastKnownFileType = sourcecode.swift; path = "MoexTiсkers.swift"; sourceTree = "<group>"; };
		0A3CF217A9F7C98936191796 /* CandleHubTests-Info.plist */ = {isa = PBXFileReference; lastKnownFileType = text.plist; path = "CandleHubTests-Info.plist"; sourceTree = "<group>"; };
		332232712BAB8DCD00D40FAD /* AboutView.swift */ = {isa = PBXFileReference; lastKnownFileType = sourcecode.swift; path = AboutView.swift; sourceTree = "<group>"; };
		332232752BAB95E500D40FAD /* TabItem.swift */ = {isa = PBXFileReference; lastKnownFileType = sourcecode.swift; path = TabItem.swift; sourceTree = "<group>"; };
		332232772BAB96A100D40FAD /* TabPreferenceKey.swift */ = {isa = PBXFileReference; lastKnownFileType = sourcecode.swift; path = TabPreferenceKey.swift; sourceTree = "<group>"; };
		3322327B2BAB96E900D40FAD /* OutlineModifier.swift */ = {isa = PBXFileReference; lastKnownFileType = sourcecode.swift; path = OutlineModifier.swift; sourceTree = "<group>"; };
		3322327D2BAB970400D40FAD /* OutlineVerticalModifier.swift */ = {isa = PBXFileReference; lastKnownFileType = sourcecode.swift; path = OutlineVerticalModifier.swift; sourceTree = "<group>"; };
		332232812BAB974C00D40FAD /* OutlineOverlay.swift */ = {isa = PBXFileReference; lastKnownFileType = sourcecode.swift; path = OutlineOverlay.swift; sourceTree = "<group>"; };
		332232852BAB978500D40FAD /* BackgroundStyle.swift */ = {isa = PBXFileReference; lastKnownFileType = sourcecode.swift; path = BackgroundStyle.swift; sourceTree = "<group>"; };
		3322328A2BAB97CF00D40FAD /* ViewExtension.swift */ = {isa = PBXFileReference; lastKnownFileType = sourcecode.swift; path = ViewExtension.swift; sourceTree = "<group>"; };
		332232932BAB9A0D00D40FAD /* TickersView.swift */ = {isa = PBXFileReference; lastKnownFileType = sourcecode.swift; path = TickersView.swift; sourceTree = "<group>"; };
		3328CDB72BAC68A3005032AF /* PatternsView.swift */ = {isa = PBXFileReference; lastKnownFileType = sourcecode.swift; path = PatternsView.swift; sourceTree = "<group>"; };
		3328CDB92BAC68BC005032AF /* PatternsViewSwitch.swift */ = {isa = PBXFileReference; lastKnownFileType = sourcecode.swift; path = PatternsViewSwitch.swift; sourceTree = "<group>"; };
		334D84202BAD8A8900252A7C /* SearchBar.swift */ = {isa = PBXFileReference; lastKnownFileType = sourcecode.swift; path = SearchBar.swift; sourceTree = "<group>"; };
		336C9CAA2BADEC030093DE16 /* CandleStickChart.swift */ = {isa = PBXFileReference; lastKnownFileType = sourcecode.swift; path = CandleStickChart.swift; sourceTree = "<group>"; };
		336E29812BAF058600776F5B /* CandlesViewModel.swift */ = {isa = PBXFileReference; lastKnownFileType = sourcecode.swift; path = CandlesViewModel.swift; sourceTree = "<group>"; };
		33AA4BE52BAB87BC0047868E /* TabBar.swift */ = {isa = PBXFileReference; lastKnownFileType = sourcecode.swift; path = TabBar.swift; sourceTree = "<group>"; };
		33AA4BE72BAB87CE0047868E /* Tab.swift */ = {isa = PBXFileReference; lastKnownFileType = sourcecode.swift; path = Tab.swift; sourceTree = "<group>"; };
		33ACF3FF2BB077F1001ACA8A /* CandleStick.xcodeproj */ = {isa = PBXFileReference; lastKnownFileType = "wrapper.pb-project"; path = CandleStick.xcodeproj; sourceTree = "<group>"; };
		33B98B732BB347B700551096 /* TickerGridItemView.swift */ = {isa = PBXFileReference; lastKnownFileType = sourcecode.swift; path = TickerGridItemView.swift; sourceTree = "<group>"; };
		33B98B752BB3480200551096 /* TickersViewSwitch.swift */ = {isa = PBXFileReference; lastKnownFileType = sourcecode.swift; path = TickersViewSwitch.swift; sourceTree = "<group>"; };
		33B98B782BB349D900551096 /* PatternSheetView.swift */ = {isa = PBXFileReference; lastKnownFileType = sourcecode.swift; path = PatternSheetView.swift; sourceTree = "<group>"; };
		33C15C152BACE1D0000464CE /* TickersGridView.swift */ = {isa = PBXFileReference; lastKnownFileType = sourcecode.swift; path = TickersGridView.swift; sourceTree = "<group>"; };
		33C15C172BACE20F000464CE /* PatternsGridView.swift */ = {isa = PBXFileReference; lastKnownFileType = sourcecode.swift; path = PatternsGridView.swift; sourceTree = "<group>"; };
		33D2B6C02BB45DD100978D29 /* Localizable.xcstrings */ = {isa = PBXFileReference; lastKnownFileType = text.json.xcstrings; path = Localizable.xcstrings; sourceTree = "<group>"; };
		33D3E4102BAB281600A56DDA /* Filters.swift */ = {isa = PBXFileReference; lastKnownFileType = sourcecode.swift; path = Filters.swift; sourceTree = "<group>"; };
		33D3E41F2BAB479500A56DDA /* FilterButton.swift */ = {isa = PBXFileReference; lastKnownFileType = sourcecode.swift; path = FilterButton.swift; sourceTree = "<group>"; };
		33DCD4B22BB0C6780071781F /* TickerSheetView.swift */ = {isa = PBXFileReference; lastKnownFileType = sourcecode.swift; path = TickerSheetView.swift; sourceTree = "<group>"; };
		33DCD4B92BB0C7510071781F /* AnimationExtension.swift */ = {isa = PBXFileReference; lastKnownFileType = sourcecode.swift; path = AnimationExtension.swift; sourceTree = "<group>"; };
		33DCD4BB2BB0CBF20071781F /* PatternsRepository.swift */ = {isa = PBXFileReference; lastKnownFileType = sourcecode.swift; path = PatternsRepository.swift; sourceTree = "<group>"; };
		33E932F32BADC90F0080D003 /* TickersViewModel.swift */ = {isa = PBXFileReference; lastKnownFileType = sourcecode.swift; path = TickersViewModel.swift; sourceTree = "<group>"; };
		346BEF51999A85EE1B26A7C7 /* Assets.xcassets */ = {isa = PBXFileReference; lastKnownFileType = folder.assetcatalog; path = Assets.xcassets; sourceTree = "<group>"; };
		61634B87A7767804D38F56FD /* CandleHub.app */ = {isa = PBXFileReference; explicitFileType = wrapper.application; includeInIndex = 0; path = CandleHub.app; sourceTree = BUILT_PRODUCTS_DIR; };
		636A4BF92BAF0EBD00420BF5 /* Pattern.swift */ = {isa = PBXFileReference; lastKnownFileType = sourcecode.swift; path = Pattern.swift; sourceTree = "<group>"; };
		636A4BFB2BAF1B3E00420BF5 /* PatternStickChart.swift */ = {isa = PBXFileReference; lastKnownFileType = sourcecode.swift; path = PatternStickChart.swift; sourceTree = "<group>"; };
		70E4DBBCD941D60924F891B6 /* CandleHubApp.swift */ = {isa = PBXFileReference; lastKnownFileType = sourcecode.swift; path = CandleHubApp.swift; sourceTree = "<group>"; };
		879B0FC4A003425D16DE20C7 /* TabBarView.swift */ = {isa = PBXFileReference; lastKnownFileType = sourcecode.swift; path = TabBarView.swift; sourceTree = "<group>"; };
		8F49A6197360E812E457ECA7 /* CandleHubTests.xctest */ = {isa = PBXFileReference; explicitFileType = wrapper.cfbundle; includeInIndex = 0; path = CandleHubTests.xctest; sourceTree = BUILT_PRODUCTS_DIR; };
		938817186F191291621E964F /* CandleHubTests.swift */ = {isa = PBXFileReference; lastKnownFileType = sourcecode.swift; path = CandleHubTests.swift; sourceTree = "<group>"; };
		A06755176204E80DA842F124 /* TuistBundle+CandleHub.swift */ = {isa = PBXFileReference; lastKnownFileType = sourcecode.swift; path = "TuistBundle+CandleHub.swift"; sourceTree = "<group>"; };
		AE5038D22BB30C5800945831 /* Candle.swift */ = {isa = PBXFileReference; fileEncoding = 4; lastKnownFileType = sourcecode.swift; path = Candle.swift; sourceTree = "<group>"; };
		AE5038D42BB30C9300945831 /* CandleStick.swift */ = {isa = PBXFileReference; lastKnownFileType = sourcecode.swift; path = CandleStick.swift; sourceTree = "<group>"; };
		AE5038D62BB30C9C00945831 /* DetectionPatterns.swift */ = {isa = PBXFileReference; lastKnownFileType = sourcecode.swift; path = DetectionPatterns.swift; sourceTree = "<group>"; };
		AE5038DA2BB3155A00945831 /* TickerSheetViewModel.swift */ = {isa = PBXFileReference; lastKnownFileType = sourcecode.swift; name = TickerSheetViewModel.swift; path = CandleHub/Sources/Views/Tickers/DetailedTickerSheet/TickerSheetViewModel.swift; sourceTree = SOURCE_ROOT; };
		AE988FCB2BAF205F0036F225 /* OpenRegressionModel.mlmodel */ = {isa = PBXFileReference; lastKnownFileType = file.mlmodel; path = OpenRegressionModel.mlmodel; sourceTree = "<group>"; };
		AE988FCC2BAF205F0036F225 /* CloseRegressionModel.mlmodel */ = {isa = PBXFileReference; lastKnownFileType = file.mlmodel; path = CloseRegressionModel.mlmodel; sourceTree = "<group>"; };
		AE988FCD2BAF205F0036F225 /* HighRegressionModel.mlmodel */ = {isa = PBXFileReference; lastKnownFileType = file.mlmodel; path = HighRegressionModel.mlmodel; sourceTree = "<group>"; };
		AE988FCE2BAF205F0036F225 /* LowRegressionModel.mlmodel */ = {isa = PBXFileReference; lastKnownFileType = file.mlmodel; path = LowRegressionModel.mlmodel; sourceTree = "<group>"; };
		AEE833662BAD788C00786D60 /* Predictor.swift */ = {isa = PBXFileReference; lastKnownFileType = sourcecode.swift; path = Predictor.swift; sourceTree = "<group>"; };
		AEE833732BADD4E300786D60 /* Adapter.swift */ = {isa = PBXFileReference; lastKnownFileType = sourcecode.swift; path = Adapter.swift; sourceTree = "<group>"; };
		AEE833902BAF091C00786D60 /* CandleStick.xcodeproj */ = {isa = PBXFileReference; lastKnownFileType = "wrapper.pb-project"; name = CandleStick.xcodeproj; path = CandleStick/CandleStick.xcodeproj; sourceTree = "<group>"; };
		B32DC36E8BAFBC6C2D3308B8 /* CandleHub-Info.plist */ = {isa = PBXFileReference; lastKnownFileType = text.plist; path = "CandleHub-Info.plist"; sourceTree = "<group>"; };
		F31467DA628392289E9BB9B0 /* Preview Assets.xcassets */ = {isa = PBXFileReference; lastKnownFileType = folder.assetcatalog; path = "Preview Assets.xcassets"; sourceTree = "<group>"; };
		F55CA2C4FAE97A4B4912AF54 /* TuistAssets+CandleHub.swift */ = {isa = PBXFileReference; lastKnownFileType = sourcecode.swift; path = "TuistAssets+CandleHub.swift"; sourceTree = "<group>"; };
/* End PBXFileReference section */

/* Begin PBXFrameworksBuildPhase section */
		0581810C9D432BA6C10F162D /* Frameworks */ = {
			isa = PBXFrameworksBuildPhase;
			buildActionMask = 2147483647;
			files = (
			);
			runOnlyForDeploymentPostprocessing = 0;
		};
		DB512C490A9388BD78855C9E /* Frameworks */ = {
			isa = PBXFrameworksBuildPhase;
			buildActionMask = 2147483647;
			files = (
			);
			runOnlyForDeploymentPostprocessing = 0;
		};
/* End PBXFrameworksBuildPhase section */

/* Begin PBXGroup section */
		0043AEFEDAC68331A4A6E084 /* Products */ = {
			isa = PBXGroup;
			children = (
				61634B87A7767804D38F56FD /* CandleHub.app */,
				8F49A6197360E812E457ECA7 /* CandleHubTests.xctest */,
			);
			name = Products;
			sourceTree = "<group>";
		};
		048819B22BAC777300AFDA24 /* Network */ = {
			isa = PBXGroup;
			children = (
				048819B42BAC77FD00AFDA24 /* ChartTimePeriod.swift */,
				048819B82BAC77FD00AFDA24 /* MoexApi.swift */,
				AE5038D22BB30C5800945831 /* Candle.swift */,
				048819B62BAC77FD00AFDA24 /* MoexCandles.swift */,
				048819BA2BAC77FD00AFDA24 /* MoexTiсkers.swift */,
				048819B92BAC77FD00AFDA24 /* Money.swift */,
				048819B72BAC77FD00AFDA24 /* TickerMOEX.swift */,
				048819B32BAC77FD00AFDA24 /* TradingDataNetworkFetcher.swift */,
			);
			path = Network;
			sourceTree = "<group>";
		};
		14777FFE1A251899F17264CC /* Tests */ = {
			isa = PBXGroup;
			children = (
				938817186F191291621E964F /* CandleHubTests.swift */,
			);
			path = Tests;
			sourceTree = "<group>";
		};
		328F090E9EC078A09025E7C1 /* Project */ = {
			isa = PBXGroup;
			children = (
				D9451CE1A747BA70EF6DABFE /* CandleHub */,
				C18E97D7DF55FC16EC4E050D /* Derived */,
			);
			name = Project;
			sourceTree = "<group>";
		};
		332232792BAB96B100D40FAD /* Modifiers */ = {
			isa = PBXGroup;
			children = (
				332232882BAB979F00D40FAD /* Outline */,
				332232872BAB979200D40FAD /* Background */,
			);
			path = Modifiers;
			sourceTree = "<group>";
		};
		3322327A2BAB96D200D40FAD /* Extras */ = {
			isa = PBXGroup;
			children = (
				332232892BAB97C000D40FAD /* Extensions */,
				332232792BAB96B100D40FAD /* Modifiers */,
			);
			path = Extras;
			sourceTree = "<group>";
		};
		332232872BAB979200D40FAD /* Background */ = {
			isa = PBXGroup;
			children = (
				332232852BAB978500D40FAD /* BackgroundStyle.swift */,
			);
			path = Background;
			sourceTree = "<group>";
		};
		332232882BAB979F00D40FAD /* Outline */ = {
			isa = PBXGroup;
			children = (
				332232812BAB974C00D40FAD /* OutlineOverlay.swift */,
				3322327B2BAB96E900D40FAD /* OutlineModifier.swift */,
				3322327D2BAB970400D40FAD /* OutlineVerticalModifier.swift */,
			);
			path = Outline;
			sourceTree = "<group>";
		};
		332232892BAB97C000D40FAD /* Extensions */ = {
			isa = PBXGroup;
			children = (
				3322328A2BAB97CF00D40FAD /* ViewExtension.swift */,
				33DCD4B92BB0C7510071781F /* AnimationExtension.swift */,
			);
			path = Extensions;
			sourceTree = "<group>";
		};
		3322328F2BAB983700D40FAD /* Views */ = {
			isa = PBXGroup;
			children = (
				33D2B6B32BB4579500978D29 /* About */,
				33E932F22BAD9B490080D003 /* TabBar */,
				3328CDB62BAC6891005032AF /* Patterns */,
				3328CDB12BAC682D005032AF /* Tickers */,
			);
			path = Views;
			sourceTree = "<group>";
		};
		3328CDB12BAC682D005032AF /* Tickers */ = {
			isa = PBXGroup;
			children = (
				336C9CA92BADEBE60093DE16 /* Candlestick Charts */,
				33DCD4B42BB0C6940071781F /* TickersView */,
				33DCD4B12BB0C66A0071781F /* DetailedTickerSheet */,
			);
			path = Tickers;
			sourceTree = "<group>";
		};
		3328CDB62BAC6891005032AF /* Patterns */ = {
			isa = PBXGroup;
			children = (
				AE5038D82BB3115600945831 /* Models */,
				33DCD4B82BB0C6EF0071781F /* PatternsView */,
				33D3E41E2BAB477E00A56DDA /* Filters */,
				33DCD4B72BB0C6D10071781F /* Grid */,
				33F596B52BB005BC0019FDE9 /* CandleStickCharts */,
				33B98B772BB349B300551096 /* DetailedPatternSheet */,
			);
			path = Patterns;
			sourceTree = "<group>";
		};
		336C9CA92BADEBE60093DE16 /* Candlestick Charts */ = {
			isa = PBXGroup;
			children = (
				336C9CAA2BADEC030093DE16 /* CandleStickChart.swift */,
			);
			path = "Candlestick Charts";
			sourceTree = "<group>";
		};
		33AA4BE42BAB87AD0047868E /* CustomTabBar */ = {
			isa = PBXGroup;
			children = (
				33AA4BE52BAB87BC0047868E /* TabBar.swift */,
				332232752BAB95E500D40FAD /* TabItem.swift */,
				332232772BAB96A100D40FAD /* TabPreferenceKey.swift */,
			);
			path = CustomTabBar;
			sourceTree = "<group>";
		};
		33ACF4012BB077F1001ACA8A /* Products */ = {
			isa = PBXGroup;
			children = (
				33ACF4062BB077F1001ACA8A /* libCandleStick.a */,
			);
			name = Products;
			sourceTree = "<group>";
		};
		33ACF4092BB07832001ACA8A /* Models */ = {
			isa = PBXGroup;
			children = (
				AE988FCB2BAF205F0036F225 /* OpenRegressionModel.mlmodel */,
				AE988FCE2BAF205F0036F225 /* LowRegressionModel.mlmodel */,
				AE988FCD2BAF205F0036F225 /* HighRegressionModel.mlmodel */,
				AE988FCC2BAF205F0036F225 /* CloseRegressionModel.mlmodel */,
			);
			path = Models;
			sourceTree = "<group>";
		};
		33B98B772BB349B300551096 /* DetailedPatternSheet */ = {
			isa = PBXGroup;
			children = (
				33B98B782BB349D900551096 /* PatternSheetView.swift */,
			);
			path = DetailedPatternSheet;
			sourceTree = "<group>";
		};
		33D2B6B32BB4579500978D29 /* About */ = {
			isa = PBXGroup;
			children = (
				332232712BAB8DCD00D40FAD /* AboutView.swift */,
			);
			path = About;
			sourceTree = "<group>";
		};
		33D3E41E2BAB477E00A56DDA /* Filters */ = {
			isa = PBXGroup;
			children = (
				33D3E4102BAB281600A56DDA /* Filters.swift */,
				33D3E41F2BAB479500A56DDA /* FilterButton.swift */,
			);
			path = Filters;
			sourceTree = "<group>";
		};
		33DCD4B02BB0C65C0071781F /* Grid */ = {
			isa = PBXGroup;
			children = (
				33B98B732BB347B700551096 /* TickerGridItemView.swift */,
				33C15C152BACE1D0000464CE /* TickersGridView.swift */,
			);
			path = Grid;
			sourceTree = "<group>";
		};
		33DCD4B12BB0C66A0071781F /* DetailedTickerSheet */ = {
			isa = PBXGroup;
			children = (
				AE5038DA2BB3155A00945831 /* TickerSheetViewModel.swift */,
				33DCD4B22BB0C6780071781F /* TickerSheetView.swift */,
			);
			path = DetailedTickerSheet;
			sourceTree = "<group>";
		};
		33DCD4B42BB0C6940071781F /* TickersView */ = {
			isa = PBXGroup;
			children = (
				33E932F32BADC90F0080D003 /* TickersViewModel.swift */,
				336E29812BAF058600776F5B /* CandlesViewModel.swift */,
				332232932BAB9A0D00D40FAD /* TickersView.swift */,
				33DCD4B02BB0C65C0071781F /* Grid */,
				33E932F12BAD9B2B0080D003 /* Search */,
				AE5038D92BB3133A00945831 /* Views */,
			);
			path = TickersView;
			sourceTree = "<group>";
		};
		33DCD4B72BB0C6D10071781F /* Grid */ = {
			isa = PBXGroup;
			children = (
				33C15C172BACE20F000464CE /* PatternsGridView.swift */,
			);
			path = Grid;
			sourceTree = "<group>";
		};
		33DCD4B82BB0C6EF0071781F /* PatternsView */ = {
			isa = PBXGroup;
			children = (
				3328CDB72BAC68A3005032AF /* PatternsView.swift */,
				3328CDB92BAC68BC005032AF /* PatternsViewSwitch.swift */,
			);
			path = PatternsView;
			sourceTree = "<group>";
		};
		33E932F12BAD9B2B0080D003 /* Search */ = {
			isa = PBXGroup;
			children = (
				334D84202BAD8A8900252A7C /* SearchBar.swift */,
			);
			path = Search;
			sourceTree = "<group>";
		};
		33E932F22BAD9B490080D003 /* TabBar */ = {
			isa = PBXGroup;
			children = (
				33AA4BE72BAB87CE0047868E /* Tab.swift */,
				879B0FC4A003425D16DE20C7 /* TabBarView.swift */,
				33AA4BE42BAB87AD0047868E /* CustomTabBar */,
			);
			path = TabBar;
			sourceTree = "<group>";
		};
		33F596B52BB005BC0019FDE9 /* CandleStickCharts */ = {
			isa = PBXGroup;
			children = (
				636A4BFB2BAF1B3E00420BF5 /* PatternStickChart.swift */,
			);
			path = CandleStickCharts;
			sourceTree = "<group>";
		};
		4071A4C9BAB85398650072C7 /* Sources */ = {
			isa = PBXGroup;
			children = (
				F55CA2C4FAE97A4B4912AF54 /* TuistAssets+CandleHub.swift */,
				A06755176204E80DA842F124 /* TuistBundle+CandleHub.swift */,
			);
			path = Sources;
			sourceTree = "<group>";
		};
		40A232D52B3C7AB4E7BE3A2E /* Sources */ = {
			isa = PBXGroup;
			children = (
				70E4DBBCD941D60924F891B6 /* CandleHubApp.swift */,
				AEE833652BAD787900786D60 /* Service */,
				3322328F2BAB983700D40FAD /* Views */,
				3322327A2BAB96D200D40FAD /* Extras */,
				33D2B6C02BB45DD100978D29 /* Localizable.xcstrings */,
			);
			path = Sources;
			sourceTree = "<group>";
		};
		41581F7010080297E4358182 /* Resources */ = {
			isa = PBXGroup;
			children = (
				774F01D912282288147106A0 /* Preview Content */,
				346BEF51999A85EE1B26A7C7 /* Assets.xcassets */,
			);
			path = Resources;
			sourceTree = "<group>";
		};
		62B1A2C8E5732003591590BE /* Cache */ = {
			isa = PBXGroup;
			children = (
			);
			name = Cache;
			sourceTree = "<group>";
		};
		774F01D912282288147106A0 /* Preview Content */ = {
			isa = PBXGroup;
			children = (
				F31467DA628392289E9BB9B0 /* Preview Assets.xcassets */,
			);
			path = "Preview Content";
			sourceTree = "<group>";
		};
		8C257E64977FB1AB360671A0 /* InfoPlists */ = {
			isa = PBXGroup;
			children = (
				B32DC36E8BAFBC6C2D3308B8 /* CandleHub-Info.plist */,
				0A3CF217A9F7C98936191796 /* CandleHubTests-Info.plist */,
			);
			path = InfoPlists;
			sourceTree = "<group>";
		};
		AE5038D82BB3115600945831 /* Models */ = {
			isa = PBXGroup;
			children = (
				636A4BF92BAF0EBD00420BF5 /* Pattern.swift */,
				33DCD4BB2BB0CBF20071781F /* PatternsRepository.swift */,
			);
			path = Models;
			sourceTree = "<group>";
		};
		AE5038D92BB3133A00945831 /* Views */ = {
			isa = PBXGroup;
			children = (
				33B98B752BB3480200551096 /* TickersViewSwitch.swift */,
			);
			path = Views;
			sourceTree = "<group>";
		};
		AEE833652BAD787900786D60 /* Service */ = {
			isa = PBXGroup;
			children = (
				AE5038D42BB30C9300945831 /* CandleStick.swift */,
				AEE833662BAD788C00786D60 /* Predictor.swift */,
				AE5038D62BB30C9C00945831 /* DetectionPatterns.swift */,
				AEE833732BADD4E300786D60 /* Adapter.swift */,
			);
			path = Service;
			sourceTree = "<group>";
		};
		AEE833912BAF091C00786D60 /* Products */ = {
			isa = PBXGroup;
			children = (
				AEE833952BAF091C00786D60 /* libCandleStick.a */,
			);
			name = Products;
			sourceTree = "<group>";
		};
		C18E97D7DF55FC16EC4E050D /* Derived */ = {
			isa = PBXGroup;
			children = (
				8C257E64977FB1AB360671A0 /* InfoPlists */,
				4071A4C9BAB85398650072C7 /* Sources */,
			);
			path = Derived;
			sourceTree = "<group>";
		};
		D1717776E4A800D4C17773D7 /* Frameworks */ = {
			isa = PBXGroup;
			children = (
				AEE833902BAF091C00786D60 /* CandleStick.xcodeproj */,
			);
			name = Frameworks;
			sourceTree = "<group>";
		};
		D9451CE1A747BA70EF6DABFE /* CandleHub */ = {
			isa = PBXGroup;
			children = (
				33ACF4092BB07832001ACA8A /* Models */,
				048819B22BAC777300AFDA24 /* Network */,
				41581F7010080297E4358182 /* Resources */,
				40A232D52B3C7AB4E7BE3A2E /* Sources */,
				14777FFE1A251899F17264CC /* Tests */,
			);
			path = CandleHub;
			sourceTree = "<group>";
		};
		F2344CBFEB7788A3030EDBBC = {
			isa = PBXGroup;
			children = (
				328F090E9EC078A09025E7C1 /* Project */,
				D1717776E4A800D4C17773D7 /* Frameworks */,
				62B1A2C8E5732003591590BE /* Cache */,
				0043AEFEDAC68331A4A6E084 /* Products */,
			);
			sourceTree = "<group>";
		};
/* End PBXGroup section */

/* Begin PBXNativeTarget section */
		C8EB70B46EF254346ED7710F /* CandleHub */ = {
			isa = PBXNativeTarget;
			buildConfigurationList = BFF63198E39A34F4D1B1D310 /* Build configuration list for PBXNativeTarget "CandleHub" */;
			buildPhases = (
				D0AD59BFC076AA48D6538B18 /* Sources */,
				F2FF152C00CA50D564BC87F9 /* Resources */,
				EF69C3B12F3B5F1B041D20B5 /* Embed Frameworks */,
				0581810C9D432BA6C10F162D /* Frameworks */,
			);
			buildRules = (
			);
			dependencies = (
			);
			name = CandleHub;
			productName = CandleHub;
			productReference = 61634B87A7767804D38F56FD /* CandleHub.app */;
			productType = "com.apple.product-type.application";
		};
		D6809EAC72FE4630A42E9991 /* CandleHubTests */ = {
			isa = PBXNativeTarget;
			buildConfigurationList = 40066CF2C5ADFFA3D1699B6C /* Build configuration list for PBXNativeTarget "CandleHubTests" */;
			buildPhases = (
				096ACFCA8D506F1ADC8B4A48 /* Sources */,
				583D3201BD4BEF8D801273BA /* Resources */,
				3B37858A14D201095A221923 /* Embed Frameworks */,
				DB512C490A9388BD78855C9E /* Frameworks */,
			);
			buildRules = (
			);
			dependencies = (
				9FE0899AED405A633507EB80 /* PBXTargetDependency */,
			);
			name = CandleHubTests;
			productName = CandleHubTests;
			productReference = 8F49A6197360E812E457ECA7 /* CandleHubTests.xctest */;
			productType = "com.apple.product-type.bundle.unit-test";
		};
/* End PBXNativeTarget section */

/* Begin PBXProject section */
		5B58470910F18865ECC6FACC /* Project object */ = {
			isa = PBXProject;
			attributes = {
				BuildIndependentTargetsInParallel = YES;
				LastUpgradeCheck = 1520;
				TargetAttributes = {
					D6809EAC72FE4630A42E9991 = {
						TestTargetID = C8EB70B46EF254346ED7710F;
					};
				};
			};
			buildConfigurationList = C2E1B4041E2B080B61281CA8 /* Build configuration list for PBXProject "CandleHub" */;
			compatibilityVersion = "Xcode 14.0";
			developmentRegion = en;
			hasScannedForEncodings = 0;
			knownRegions = (
				Base,
				en,
				ru,
			);
			mainGroup = F2344CBFEB7788A3030EDBBC;
			productRefGroup = 0043AEFEDAC68331A4A6E084 /* Products */;
			projectDirPath = "";
			projectReferences = (
				{
					ProductGroup = AEE833912BAF091C00786D60 /* Products */;
					ProjectRef = AEE833902BAF091C00786D60 /* CandleStick.xcodeproj */;
				},
				{
					ProductGroup = 33ACF4012BB077F1001ACA8A /* Products */;
					ProjectRef = 33ACF3FF2BB077F1001ACA8A /* CandleStick.xcodeproj */;
				},
			);
			projectRoot = "";
			targets = (
				C8EB70B46EF254346ED7710F /* CandleHub */,
				D6809EAC72FE4630A42E9991 /* CandleHubTests */,
			);
		};
/* End PBXProject section */

/* Begin PBXReferenceProxy section */
		33ACF4062BB077F1001ACA8A /* libCandleStick.a */ = {
			isa = PBXReferenceProxy;
			fileType = archive.ar;
			path = libCandleStick.a;
			remoteRef = 33ACF4052BB077F1001ACA8A /* PBXContainerItemProxy */;
			sourceTree = BUILT_PRODUCTS_DIR;
		};
		AEE833952BAF091C00786D60 /* libCandleStick.a */ = {
			isa = PBXReferenceProxy;
			fileType = archive.ar;
			path = libCandleStick.a;
			remoteRef = AEE833942BAF091C00786D60 /* PBXContainerItemProxy */;
			sourceTree = BUILT_PRODUCTS_DIR;
		};
/* End PBXReferenceProxy section */

/* Begin PBXResourcesBuildPhase section */
		583D3201BD4BEF8D801273BA /* Resources */ = {
			isa = PBXResourcesBuildPhase;
			buildActionMask = 2147483647;
			files = (
			);
			runOnlyForDeploymentPostprocessing = 0;
		};
		F2FF152C00CA50D564BC87F9 /* Resources */ = {
			isa = PBXResourcesBuildPhase;
			buildActionMask = 2147483647;
			files = (
				B5BDCD8C3452CCD3118DCDEE /* Assets.xcassets in Resources */,
				586D143B74732600E264A203 /* Preview Assets.xcassets in Resources */,
				33D2B6C12BB45DD100978D29 /* Localizable.xcstrings in Resources */,
			);
			runOnlyForDeploymentPostprocessing = 0;
		};
/* End PBXResourcesBuildPhase section */

/* Begin PBXSourcesBuildPhase section */
		096ACFCA8D506F1ADC8B4A48 /* Sources */ = {
			isa = PBXSourcesBuildPhase;
			buildActionMask = 2147483647;
			files = (
				FE4D8F95B8EDBA9ED4487517 /* CandleHubTests.swift in Sources */,
			);
			runOnlyForDeploymentPostprocessing = 0;
		};
		D0AD59BFC076AA48D6538B18 /* Sources */ = {
			isa = PBXSourcesBuildPhase;
			buildActionMask = 2147483647;
			files = (
				33B98B762BB3480200551096 /* TickersViewSwitch.swift in Sources */,
				33B98B742BB347B700551096 /* TickerGridItemView.swift in Sources */,
				AEE833A12BAF143E00786D60 /* Adapter.swift in Sources */,
				3328CDBA2BAC68BC005032AF /* PatternsViewSwitch.swift in Sources */,
				AE5038D52BB30C9400945831 /* CandleStick.swift in Sources */,
				62B144F212D385EBF52A14E4 /* CandleHubApp.swift in Sources */,
				33DCD4BA2BB0C7510071781F /* AnimationExtension.swift in Sources */,
				33E932F42BADC90F0080D003 /* TickersViewModel.swift in Sources */,
				33AA4BE62BAB87BC0047868E /* TabBar.swift in Sources */,
				33B98B792BB349D900551096 /* PatternSheetView.swift in Sources */,
				33DCD4B32BB0C6780071781F /* TickerSheetView.swift in Sources */,
				332232722BAB8DCD00D40FAD /* AboutView.swift in Sources */,
				1C952F6268ED96F1066CFB2C /* TabBarView.swift in Sources */,
				048819BB2BAC77FD00AFDA24 /* TradingDataNetworkFetcher.swift in Sources */,
				3322327E2BAB970400D40FAD /* OutlineVerticalModifier.swift in Sources */,
				AE5038D32BB30C5800945831 /* Candle.swift in Sources */,
				3322328B2BAB97CF00D40FAD /* ViewExtension.swift in Sources */,
				33D3E4112BAB281600A56DDA /* Filters.swift in Sources */,
				33AA4BE82BAB87CE0047868E /* Tab.swift in Sources */,
				33C15C162BACE1D0000464CE /* TickersGridView.swift in Sources */,
				33D3E4202BAB479500A56DDA /* FilterButton.swift in Sources */,
				3328CDB82BAC68A3005032AF /* PatternsView.swift in Sources */,
				048819C12BAC77FD00AFDA24 /* Money.swift in Sources */,
				334D84212BAD8A8900252A7C /* SearchBar.swift in Sources */,
				332232942BAB9A0D00D40FAD /* TickersView.swift in Sources */,
				22064EB78E2BDBEB2265A30C /* TuistAssets+CandleHub.swift in Sources */,
				336E29822BAF058600776F5B /* CandlesViewModel.swift in Sources */,
				332232862BAB978500D40FAD /* BackgroundStyle.swift in Sources */,
				336C9CAB2BADEC030093DE16 /* CandleStickChart.swift in Sources */,
				636A4BFA2BAF0EBD00420BF5 /* Pattern.swift in Sources */,
				636A4BFC2BAF1B3E00420BF5 /* PatternStickChart.swift in Sources */,
				F5295DB90B37882622BC0944 /* TuistBundle+CandleHub.swift in Sources */,
				332232762BAB95E500D40FAD /* TabItem.swift in Sources */,
				AE988FD02BAF205F0036F225 /* CloseRegressionModel.mlmodel in Sources */,
				048819C22BAC77FD00AFDA24 /* MoexTiсkers.swift in Sources */,
				048819C02BAC77FD00AFDA24 /* MoexApi.swift in Sources */,
				048819BC2BAC77FD00AFDA24 /* ChartTimePeriod.swift in Sources */,
				332232822BAB974C00D40FAD /* OutlineOverlay.swift in Sources */,
				AEE833672BAD788C00786D60 /* Predictor.swift in Sources */,
				AE5038D72BB30C9C00945831 /* DetectionPatterns.swift in Sources */,
				AE5038DB2BB3155A00945831 /* TickerSheetViewModel.swift in Sources */,
				AE988FCF2BAF205F0036F225 /* OpenRegressionModel.mlmodel in Sources */,
				332232782BAB96A100D40FAD /* TabPreferenceKey.swift in Sources */,
				048819BF2BAC77FD00AFDA24 /* TickerMOEX.swift in Sources */,
				AE988FD22BAF205F0036F225 /* LowRegressionModel.mlmodel in Sources */,
				33C15C182BACE20F000464CE /* PatternsGridView.swift in Sources */,
				33DCD4BC2BB0CBF20071781F /* PatternsRepository.swift in Sources */,
				AE988FD12BAF205F0036F225 /* HighRegressionModel.mlmodel in Sources */,
				3322327C2BAB96E900D40FAD /* OutlineModifier.swift in Sources */,
				048819BE2BAC77FD00AFDA24 /* MoexCandles.swift in Sources */,
			);
			runOnlyForDeploymentPostprocessing = 0;
		};
/* End PBXSourcesBuildPhase section */

/* Begin PBXTargetDependency section */
		9FE0899AED405A633507EB80 /* PBXTargetDependency */ = {
			isa = PBXTargetDependency;
			name = CandleHub;
			target = C8EB70B46EF254346ED7710F /* CandleHub */;
			targetProxy = B016286B5D0B44696E10F105 /* PBXContainerItemProxy */;
		};
/* End PBXTargetDependency section */

/* Begin XCBuildConfiguration section */
		41F3C20F1402F8B901A6DC00 /* Release */ = {
			isa = XCBuildConfiguration;
			buildSettings = {
				BUNDLE_LOADER = "$(TEST_HOST)";
				CODE_SIGN_IDENTITY = "iPhone Developer";
				DEVELOPMENT_TEAM = ZZWB6X2U7F;
				INFOPLIST_FILE = "Derived/InfoPlists/CandleHubTests-Info.plist";
				IPHONEOS_DEPLOYMENT_TARGET = 16.0;
				LD_RUNPATH_SEARCH_PATHS = (
					"$(inherited)",
					"@executable_path/Frameworks",
					"@loader_path/Frameworks",
				);
				PRODUCT_BUNDLE_IDENTIFIER = com.Torch.CandleHubTests;
				PRODUCT_NAME = CandleHubTests;
				SDKROOT = iphoneos;
				SUPPORTED_PLATFORMS = "iphoneos iphonesimulator";
				SUPPORTS_MACCATALYST = NO;
				SUPPORTS_MAC_DESIGNED_FOR_IPHONE_IPAD = NO;
				SUPPORTS_XR_DESIGNED_FOR_IPHONE_IPAD = NO;
				SWIFT_COMPILATION_MODE = wholemodule;
				SWIFT_OPTIMIZATION_LEVEL = "-Owholemodule";
				SWIFT_VERSION = 5.0;
				TARGETED_DEVICE_FAMILY = "1,2";
				TEST_HOST = "$(BUILT_PRODUCTS_DIR)/CandleHub.app/$(BUNDLE_EXECUTABLE_FOLDER_PATH)/CandleHub";
				TEST_TARGET_NAME = CandleHub;
			};
			name = Release;
		};
		871033C9066DFF171B4EE37B /* Release */ = {
			isa = XCBuildConfiguration;
			buildSettings = {
				ALWAYS_SEARCH_USER_PATHS = NO;
				ASSETCATALOG_COMPILER_GENERATE_SWIFT_ASSET_SYMBOL_EXTENSIONS = YES;
				CLANG_ANALYZER_LOCALIZABILITY_NONLOCALIZED = YES;
				CLANG_ANALYZER_NONNULL = YES;
				CLANG_ANALYZER_NUMBER_OBJECT_CONVERSION = YES_AGGRESSIVE;
				CLANG_CXX_LANGUAGE_STANDARD = "gnu++14";
				CLANG_CXX_LIBRARY = "libc++";
				CLANG_ENABLE_MODULES = YES;
				CLANG_ENABLE_OBJC_ARC = YES;
				CLANG_ENABLE_OBJC_WEAK = YES;
				CLANG_WARN_BLOCK_CAPTURE_AUTORELEASING = YES;
				CLANG_WARN_BOOL_CONVERSION = YES;
				CLANG_WARN_COMMA = YES;
				CLANG_WARN_CONSTANT_CONVERSION = YES;
				CLANG_WARN_DEPRECATED_OBJC_IMPLEMENTATIONS = YES;
				CLANG_WARN_DIRECT_OBJC_ISA_USAGE = YES_ERROR;
				CLANG_WARN_DOCUMENTATION_COMMENTS = YES;
				CLANG_WARN_EMPTY_BODY = YES;
				CLANG_WARN_ENUM_CONVERSION = YES;
				CLANG_WARN_INFINITE_RECURSION = YES;
				CLANG_WARN_INT_CONVERSION = YES;
				CLANG_WARN_NON_LITERAL_NULL_CONVERSION = YES;
				CLANG_WARN_OBJC_IMPLICIT_RETAIN_SELF = YES;
				CLANG_WARN_OBJC_LITERAL_CONVERSION = YES;
				CLANG_WARN_OBJC_ROOT_CLASS = YES_ERROR;
				CLANG_WARN_QUOTED_INCLUDE_IN_FRAMEWORK_HEADER = YES;
				CLANG_WARN_RANGE_LOOP_ANALYSIS = YES;
				CLANG_WARN_STRICT_PROTOTYPES = YES;
				CLANG_WARN_SUSPICIOUS_MOVE = YES;
				CLANG_WARN_UNGUARDED_AVAILABILITY = YES_AGGRESSIVE;
				CLANG_WARN_UNREACHABLE_CODE = YES;
				CLANG_WARN__DUPLICATE_METHOD_MATCH = YES;
				COPY_PHASE_STRIP = NO;
				DEAD_CODE_STRIPPING = YES;
				DEBUG_INFORMATION_FORMAT = "dwarf-with-dsym";
				ENABLE_NS_ASSERTIONS = NO;
				ENABLE_STRICT_OBJC_MSGSEND = YES;
				ENABLE_USER_SCRIPT_SANDBOXING = YES;
				GCC_C_LANGUAGE_STANDARD = gnu11;
				GCC_NO_COMMON_BLOCKS = YES;
				GCC_WARN_64_TO_32_BIT_CONVERSION = YES;
				GCC_WARN_ABOUT_RETURN_TYPE = YES_ERROR;
				GCC_WARN_UNDECLARED_SELECTOR = YES;
				GCC_WARN_UNINITIALIZED_AUTOS = YES_AGGRESSIVE;
				GCC_WARN_UNUSED_FUNCTION = YES;
				GCC_WARN_UNUSED_VARIABLE = YES;
				MTL_ENABLE_DEBUG_INFO = NO;
				PRODUCT_NAME = "$(TARGET_NAME)";
				VALIDATE_PRODUCT = YES;
			};
			name = Release;
		};
		880CBF95285EF7AC02F70F42 /* Debug */ = {
			isa = XCBuildConfiguration;
			buildSettings = {
				ASSETCATALOG_COMPILER_APPICON_NAME = AppIcon;
				CODE_SIGN_IDENTITY = "iPhone Developer";
				CURRENT_PROJECT_VERSION = 1;
				DEVELOPMENT_TEAM = ZZWB6X2U7F;
				ENABLE_PREVIEWS = YES;
				INFOPLIST_FILE = "Derived/InfoPlists/CandleHub-Info.plist";
				IPHONEOS_DEPLOYMENT_TARGET = 16.0;
				LD_RUNPATH_SEARCH_PATHS = (
					"$(inherited)",
					"@executable_path/Frameworks",
				);
				MARKETING_VERSION = 1.0;
				PRODUCT_BUNDLE_IDENTIFIER = com.Torch.CandleHub;
				PRODUCT_NAME = CandleHub;
				SDKROOT = iphoneos;
				SUPPORTED_PLATFORMS = "iphoneos iphonesimulator";
				SUPPORTS_MACCATALYST = NO;
				SUPPORTS_MAC_DESIGNED_FOR_IPHONE_IPAD = NO;
				SUPPORTS_XR_DESIGNED_FOR_IPHONE_IPAD = NO;
				SWIFT_ACTIVE_COMPILATION_CONDITIONS = "$(inherited) DEBUG";
				SWIFT_COMPILATION_MODE = singlefile;
				SWIFT_OPTIMIZATION_LEVEL = "-Onone";
				SWIFT_VERSION = 5.0;
				TARGETED_DEVICE_FAMILY = "1,2";
			};
			name = Debug;
		};
		AF99EAE792E3F5B546AE22D6 /* Debug */ = {
			isa = XCBuildConfiguration;
			buildSettings = {
				BUNDLE_LOADER = "$(TEST_HOST)";
				CODE_SIGN_IDENTITY = "iPhone Developer";
				DEVELOPMENT_TEAM = ZZWB6X2U7F;
				INFOPLIST_FILE = "Derived/InfoPlists/CandleHubTests-Info.plist";
				IPHONEOS_DEPLOYMENT_TARGET = 16.0;
				LD_RUNPATH_SEARCH_PATHS = (
					"$(inherited)",
					"@executable_path/Frameworks",
					"@loader_path/Frameworks",
				);
				PRODUCT_BUNDLE_IDENTIFIER = com.Torch.CandleHubTests;
				PRODUCT_NAME = CandleHubTests;
				SDKROOT = iphoneos;
				SUPPORTED_PLATFORMS = "iphoneos iphonesimulator";
				SUPPORTS_MACCATALYST = NO;
				SUPPORTS_MAC_DESIGNED_FOR_IPHONE_IPAD = NO;
				SUPPORTS_XR_DESIGNED_FOR_IPHONE_IPAD = NO;
				SWIFT_ACTIVE_COMPILATION_CONDITIONS = "$(inherited) DEBUG";
				SWIFT_COMPILATION_MODE = singlefile;
				SWIFT_OPTIMIZATION_LEVEL = "-Onone";
				SWIFT_VERSION = 5.0;
				TARGETED_DEVICE_FAMILY = "1,2";
				TEST_HOST = "$(BUILT_PRODUCTS_DIR)/CandleHub.app/$(BUNDLE_EXECUTABLE_FOLDER_PATH)/CandleHub";
				TEST_TARGET_NAME = CandleHub;
			};
			name = Debug;
		};
		F39E50DCFC65DF02656BCCD8 /* Debug */ = {
			isa = XCBuildConfiguration;
			buildSettings = {
				ALWAYS_SEARCH_USER_PATHS = NO;
				ASSETCATALOG_COMPILER_GENERATE_SWIFT_ASSET_SYMBOL_EXTENSIONS = YES;
				CLANG_ANALYZER_LOCALIZABILITY_NONLOCALIZED = YES;
				CLANG_ANALYZER_NONNULL = YES;
				CLANG_ANALYZER_NUMBER_OBJECT_CONVERSION = YES_AGGRESSIVE;
				CLANG_CXX_LANGUAGE_STANDARD = "gnu++14";
				CLANG_CXX_LIBRARY = "libc++";
				CLANG_ENABLE_MODULES = YES;
				CLANG_ENABLE_OBJC_ARC = YES;
				CLANG_ENABLE_OBJC_WEAK = YES;
				CLANG_WARN_BLOCK_CAPTURE_AUTORELEASING = YES;
				CLANG_WARN_BOOL_CONVERSION = YES;
				CLANG_WARN_COMMA = YES;
				CLANG_WARN_CONSTANT_CONVERSION = YES;
				CLANG_WARN_DEPRECATED_OBJC_IMPLEMENTATIONS = YES;
				CLANG_WARN_DIRECT_OBJC_ISA_USAGE = YES_ERROR;
				CLANG_WARN_DOCUMENTATION_COMMENTS = YES;
				CLANG_WARN_EMPTY_BODY = YES;
				CLANG_WARN_ENUM_CONVERSION = YES;
				CLANG_WARN_INFINITE_RECURSION = YES;
				CLANG_WARN_INT_CONVERSION = YES;
				CLANG_WARN_NON_LITERAL_NULL_CONVERSION = YES;
				CLANG_WARN_OBJC_IMPLICIT_RETAIN_SELF = YES;
				CLANG_WARN_OBJC_LITERAL_CONVERSION = YES;
				CLANG_WARN_OBJC_ROOT_CLASS = YES_ERROR;
				CLANG_WARN_QUOTED_INCLUDE_IN_FRAMEWORK_HEADER = YES;
				CLANG_WARN_RANGE_LOOP_ANALYSIS = YES;
				CLANG_WARN_STRICT_PROTOTYPES = YES;
				CLANG_WARN_SUSPICIOUS_MOVE = YES;
				CLANG_WARN_UNGUARDED_AVAILABILITY = YES_AGGRESSIVE;
				CLANG_WARN_UNREACHABLE_CODE = YES;
				CLANG_WARN__DUPLICATE_METHOD_MATCH = YES;
				COPY_PHASE_STRIP = NO;
				DEAD_CODE_STRIPPING = YES;
				DEBUG_INFORMATION_FORMAT = dwarf;
				ENABLE_STRICT_OBJC_MSGSEND = YES;
				ENABLE_TESTABILITY = YES;
				ENABLE_USER_SCRIPT_SANDBOXING = YES;
				GCC_C_LANGUAGE_STANDARD = gnu11;
				GCC_DYNAMIC_NO_PIC = NO;
				GCC_NO_COMMON_BLOCKS = YES;
				GCC_OPTIMIZATION_LEVEL = 0;
				GCC_PREPROCESSOR_DEFINITIONS = (
					"DEBUG=1",
					"$(inherited)",
				);
				GCC_WARN_64_TO_32_BIT_CONVERSION = YES;
				GCC_WARN_ABOUT_RETURN_TYPE = YES_ERROR;
				GCC_WARN_UNDECLARED_SELECTOR = YES;
				GCC_WARN_UNINITIALIZED_AUTOS = YES_AGGRESSIVE;
				GCC_WARN_UNUSED_FUNCTION = YES;
				GCC_WARN_UNUSED_VARIABLE = YES;
				MTL_ENABLE_DEBUG_INFO = YES;
				ONLY_ACTIVE_ARCH = YES;
				PRODUCT_NAME = "$(TARGET_NAME)";
			};
			name = Debug;
		};
		F783C3BA48F22677C4567C74 /* Release */ = {
			isa = XCBuildConfiguration;
			buildSettings = {
				ASSETCATALOG_COMPILER_APPICON_NAME = AppIcon;
				CODE_SIGN_IDENTITY = "iPhone Developer";
				CURRENT_PROJECT_VERSION = 1;
				DEVELOPMENT_TEAM = ZZWB6X2U7F;
				ENABLE_PREVIEWS = YES;
				INFOPLIST_FILE = "Derived/InfoPlists/CandleHub-Info.plist";
				IPHONEOS_DEPLOYMENT_TARGET = 16.0;
				LD_RUNPATH_SEARCH_PATHS = (
					"$(inherited)",
					"@executable_path/Frameworks",
				);
				MARKETING_VERSION = 1.0;
				PRODUCT_BUNDLE_IDENTIFIER = com.Torch.CandleHub;
				PRODUCT_NAME = CandleHub;
				SDKROOT = iphoneos;
				SUPPORTED_PLATFORMS = "iphoneos iphonesimulator";
				SUPPORTS_MACCATALYST = NO;
				SUPPORTS_MAC_DESIGNED_FOR_IPHONE_IPAD = NO;
				SUPPORTS_XR_DESIGNED_FOR_IPHONE_IPAD = NO;
				SWIFT_COMPILATION_MODE = wholemodule;
				SWIFT_OPTIMIZATION_LEVEL = "-Owholemodule";
				SWIFT_VERSION = 5.0;
				TARGETED_DEVICE_FAMILY = "1,2";
			};
			name = Release;
		};
/* End XCBuildConfiguration section */

/* Begin XCConfigurationList section */
		40066CF2C5ADFFA3D1699B6C /* Build configuration list for PBXNativeTarget "CandleHubTests" */ = {
			isa = XCConfigurationList;
			buildConfigurations = (
				AF99EAE792E3F5B546AE22D6 /* Debug */,
				41F3C20F1402F8B901A6DC00 /* Release */,
			);
			defaultConfigurationIsVisible = 0;
			defaultConfigurationName = Release;
		};
		BFF63198E39A34F4D1B1D310 /* Build configuration list for PBXNativeTarget "CandleHub" */ = {
			isa = XCConfigurationList;
			buildConfigurations = (
				880CBF95285EF7AC02F70F42 /* Debug */,
				F783C3BA48F22677C4567C74 /* Release */,
			);
			defaultConfigurationIsVisible = 0;
			defaultConfigurationName = Release;
		};
		C2E1B4041E2B080B61281CA8 /* Build configuration list for PBXProject "CandleHub" */ = {
			isa = XCConfigurationList;
			buildConfigurations = (
				F39E50DCFC65DF02656BCCD8 /* Debug */,
				871033C9066DFF171B4EE37B /* Release */,
			);
			defaultConfigurationIsVisible = 0;
			defaultConfigurationName = Release;
		};
/* End XCConfigurationList section */
	};
	rootObject = 5B58470910F18865ECC6FACC /* Project object */;
}
